// !$*UTF8*$!
{
	archiveVersion = 1;
	classes = {
	};
	objectVersion = 46;
	objects = {

/* Begin PBXBuildFile section */
		3B13FD971FD0E7D500DDBBB3 /* StoreKit.framework in Frameworks */ = {isa = PBXBuildFile; fileRef = 3B13FD961FD0E7D500DDBBB3 /* StoreKit.framework */; };
		3B4F80971F7584BD004C182B /* AppDelegate.swift in Sources */ = {isa = PBXBuildFile; fileRef = 3B4F80961F7584BD004C182B /* AppDelegate.swift */; };
		3B4F80991F7584BD004C182B /* ViewController.swift in Sources */ = {isa = PBXBuildFile; fileRef = 3B4F80981F7584BD004C182B /* ViewController.swift */; };
		3B4F809C1F7584BD004C182B /* Main.storyboard in Resources */ = {isa = PBXBuildFile; fileRef = 3B4F809A1F7584BD004C182B /* Main.storyboard */; };
		3B4F809E1F7584BD004C182B /* Assets.xcassets in Resources */ = {isa = PBXBuildFile; fileRef = 3B4F809D1F7584BD004C182B /* Assets.xcassets */; };
		3B4F80A11F7584BD004C182B /* LaunchScreen.storyboard in Resources */ = {isa = PBXBuildFile; fileRef = 3B4F809F1F7584BD004C182B /* LaunchScreen.storyboard */; };
		3B4F80AC1F7584BD004C182B /* splytTests.swift in Sources */ = {isa = PBXBuildFile; fileRef = 3B4F80AB1F7584BD004C182B /* splytTests.swift */; };
		3B4F80B71F7584BD004C182B /* splytUITests.swift in Sources */ = {isa = PBXBuildFile; fileRef = 3B4F80B61F7584BD004C182B /* splytUITests.swift */; };
		3B582D3A1FE586940031BE61 /* Utility.swift in Sources */ = {isa = PBXBuildFile; fileRef = 3B582D391FE586940031BE61 /* Utility.swift */; };
		3B582D3E1FE588D60031BE61 /* GlobalConstants.swift in Sources */ = {isa = PBXBuildFile; fileRef = 3B582D3D1FE588D60031BE61 /* GlobalConstants.swift */; };
		3B582D401FE58E500031BE61 /* GoogleService-Info.plist in Resources */ = {isa = PBXBuildFile; fileRef = 3B582D3F1FE58E500031BE61 /* GoogleService-Info.plist */; };
		3B89E7B41FA509D500EB3775 /* SuccesFullRegistrationViewController.swift in Sources */ = {isa = PBXBuildFile; fileRef = 3B89E7B31FA509D500EB3775 /* SuccesFullRegistrationViewController.swift */; };
		3B920B461F97DB6C00C65645 /* PhoneNoVerificationViewController.swift in Sources */ = {isa = PBXBuildFile; fileRef = 3B920B451F97DB6C00C65645 /* PhoneNoVerificationViewController.swift */; };
		3BAB7CDB1F9ECD5D00115945 /* LoginViewController.swift in Sources */ = {isa = PBXBuildFile; fileRef = 3BAB7CDA1F9ECD5D00115945 /* LoginViewController.swift */; };
		3BAB7CDD1F9ED0A800115945 /* SignUpViewController.swift in Sources */ = {isa = PBXBuildFile; fileRef = 3BAB7CDC1F9ED0A800115945 /* SignUpViewController.swift */; };
		3BDF38DD1FA4A5BE00BB1F64 /* ForgetPasswordViewController.swift in Sources */ = {isa = PBXBuildFile; fileRef = 3BDF38DC1FA4A5BE00BB1F64 /* ForgetPasswordViewController.swift */; };
		3BE54A561F8DAC3500FF48B8 /* SinchVerification.framework in Frameworks */ = {isa = PBXBuildFile; fileRef = 3BE54A551F8DAC3500FF48B8 /* SinchVerification.framework */; };
		5A0D33568857A5A19A659893 /* Pods_splytUITests.framework in Frameworks */ = {isa = PBXBuildFile; fileRef = AF492B1EC8EAC4E08EF4F1E6 /* Pods_splytUITests.framework */; };
		B113560DD542C9F56AF24415 /* Pods_splyt.framework in Frameworks */ = {isa = PBXBuildFile; fileRef = E7DAE210AE081A1974478522 /* Pods_splyt.framework */; };
		B5DA4CA4C59812BCC8AC6B1C /* Pods_splytTests.framework in Frameworks */ = {isa = PBXBuildFile; fileRef = 2183FA6AF256FA090150689A /* Pods_splytTests.framework */; };
/* End PBXBuildFile section */

/* Begin PBXContainerItemProxy section */
		3B4F80A81F7584BD004C182B /* PBXContainerItemProxy */ = {
			isa = PBXContainerItemProxy;
			containerPortal = 3B4F808B1F7584BC004C182B /* Project object */;
			proxyType = 1;
			remoteGlobalIDString = 3B4F80921F7584BC004C182B;
			remoteInfo = splyt;
		};
		3B4F80B31F7584BD004C182B /* PBXContainerItemProxy */ = {
			isa = PBXContainerItemProxy;
			containerPortal = 3B4F808B1F7584BC004C182B /* Project object */;
			proxyType = 1;
			remoteGlobalIDString = 3B4F80921F7584BC004C182B;
			remoteInfo = splyt;
		};
/* End PBXContainerItemProxy section */

/* Begin PBXFileReference section */
		0CC24C2C7AB23187D1A75386 /* Pods-splyt.debug.xcconfig */ = {isa = PBXFileReference; includeInIndex = 1; lastKnownFileType = text.xcconfig; name = "Pods-splyt.debug.xcconfig"; path = "Pods/Target Support Files/Pods-splyt/Pods-splyt.debug.xcconfig"; sourceTree = "<group>"; };
		2183FA6AF256FA090150689A /* Pods_splytTests.framework */ = {isa = PBXFileReference; explicitFileType = wrapper.framework; includeInIndex = 0; path = Pods_splytTests.framework; sourceTree = BUILT_PRODUCTS_DIR; };
		3B13FD951FD0E14300DDBBB3 /* splyt.entitlements */ = {isa = PBXFileReference; lastKnownFileType = text.plist.entitlements; path = splyt.entitlements; sourceTree = "<group>"; };
		3B13FD961FD0E7D500DDBBB3 /* StoreKit.framework */ = {isa = PBXFileReference; lastKnownFileType = wrapper.framework; name = StoreKit.framework; path = System/Library/Frameworks/StoreKit.framework; sourceTree = SDKROOT; };
		3B4F80931F7584BD004C182B /* splyt.app */ = {isa = PBXFileReference; explicitFileType = wrapper.application; includeInIndex = 0; path = splyt.app; sourceTree = BUILT_PRODUCTS_DIR; };
		3B4F80961F7584BD004C182B /* AppDelegate.swift */ = {isa = PBXFileReference; lastKnownFileType = sourcecode.swift; path = AppDelegate.swift; sourceTree = "<group>"; };
		3B4F80981F7584BD004C182B /* ViewController.swift */ = {isa = PBXFileReference; lastKnownFileType = sourcecode.swift; path = ViewController.swift; sourceTree = "<group>"; };
		3B4F809B1F7584BD004C182B /* Base */ = {isa = PBXFileReference; lastKnownFileType = file.storyboard; name = Base; path = Base.lproj/Main.storyboard; sourceTree = "<group>"; };
		3B4F809D1F7584BD004C182B /* Assets.xcassets */ = {isa = PBXFileReference; lastKnownFileType = folder.assetcatalog; path = Assets.xcassets; sourceTree = "<group>"; };
		3B4F80A01F7584BD004C182B /* Base */ = {isa = PBXFileReference; lastKnownFileType = file.storyboard; name = Base; path = Base.lproj/LaunchScreen.storyboard; sourceTree = "<group>"; };
		3B4F80A21F7584BD004C182B /* Info.plist */ = {isa = PBXFileReference; lastKnownFileType = text.plist.xml; path = Info.plist; sourceTree = "<group>"; };
		3B4F80A71F7584BD004C182B /* splytTests.xctest */ = {isa = PBXFileReference; explicitFileType = wrapper.cfbundle; includeInIndex = 0; path = splytTests.xctest; sourceTree = BUILT_PRODUCTS_DIR; };
		3B4F80AB1F7584BD004C182B /* splytTests.swift */ = {isa = PBXFileReference; lastKnownFileType = sourcecode.swift; path = splytTests.swift; sourceTree = "<group>"; };
		3B4F80AD1F7584BD004C182B /* Info.plist */ = {isa = PBXFileReference; lastKnownFileType = text.plist.xml; path = Info.plist; sourceTree = "<group>"; };
		3B4F80B21F7584BD004C182B /* splytUITests.xctest */ = {isa = PBXFileReference; explicitFileType = wrapper.cfbundle; includeInIndex = 0; path = splytUITests.xctest; sourceTree = BUILT_PRODUCTS_DIR; };
		3B4F80B61F7584BD004C182B /* splytUITests.swift */ = {isa = PBXFileReference; lastKnownFileType = sourcecode.swift; path = splytUITests.swift; sourceTree = "<group>"; };
		3B4F80B81F7584BD004C182B /* Info.plist */ = {isa = PBXFileReference; lastKnownFileType = text.plist.xml; path = Info.plist; sourceTree = "<group>"; };
		3B582D391FE586940031BE61 /* Utility.swift */ = {isa = PBXFileReference; fileEncoding = 4; lastKnownFileType = sourcecode.swift; name = Utility.swift; path = ../../Downloads/Utility.swift; sourceTree = "<group>"; };
		3B582D3D1FE588D60031BE61 /* GlobalConstants.swift */ = {isa = PBXFileReference; fileEncoding = 4; lastKnownFileType = sourcecode.swift; name = GlobalConstants.swift; path = ../../Downloads/GlobalConstants.swift; sourceTree = "<group>"; };
		3B582D3F1FE58E500031BE61 /* GoogleService-Info.plist */ = {isa = PBXFileReference; fileEncoding = 4; lastKnownFileType = text.plist.xml; path = "GoogleService-Info.plist"; sourceTree = "<group>"; };
		3B582D421FE5B4CF0031BE61 /* splyt-Bridging-Header.h */ = {isa = PBXFileReference; lastKnownFileType = sourcecode.c.h; path = "splyt-Bridging-Header.h"; sourceTree = "<group>"; };
		3B89E7B31FA509D500EB3775 /* SuccesFullRegistrationViewController.swift */ = {isa = PBXFileReference; fileEncoding = 4; lastKnownFileType = sourcecode.swift; path = SuccesFullRegistrationViewController.swift; sourceTree = "<group>"; };
		3B920B451F97DB6C00C65645 /* PhoneNoVerificationViewController.swift */ = {isa = PBXFileReference; fileEncoding = 4; lastKnownFileType = sourcecode.swift; path = PhoneNoVerificationViewController.swift; sourceTree = "<group>"; };
		3BAB7CDA1F9ECD5D00115945 /* LoginViewController.swift */ = {isa = PBXFileReference; fileEncoding = 4; lastKnownFileType = sourcecode.swift; path = LoginViewController.swift; sourceTree = "<group>"; };
		3BAB7CDC1F9ED0A800115945 /* SignUpViewController.swift */ = {isa = PBXFileReference; fileEncoding = 4; lastKnownFileType = sourcecode.swift; path = SignUpViewController.swift; sourceTree = "<group>"; };
		3BDF38DC1FA4A5BE00BB1F64 /* ForgetPasswordViewController.swift */ = {isa = PBXFileReference; fileEncoding = 4; lastKnownFileType = sourcecode.swift; path = ForgetPasswordViewController.swift; sourceTree = "<group>"; };
		3BE54A551F8DAC3500FF48B8 /* SinchVerification.framework */ = {isa = PBXFileReference; lastKnownFileType = wrapper.framework; path = SinchVerification.framework; sourceTree = "<group>"; };
		3BE54A571F8DAD9800FF48B8 /* SinchVerification-Bridging-Header.h */ = {isa = PBXFileReference; fileEncoding = 4; lastKnownFileType = sourcecode.c.h; path = "SinchVerification-Bridging-Header.h"; sourceTree = "<group>"; };
		3DF6D1441660C9DC3AC2974B /* Pods-splytTests.release.xcconfig */ = {isa = PBXFileReference; includeInIndex = 1; lastKnownFileType = text.xcconfig; name = "Pods-splytTests.release.xcconfig"; path = "Pods/Target Support Files/Pods-splytTests/Pods-splytTests.release.xcconfig"; sourceTree = "<group>"; };
		56F928FBD631ECE36642C2FB /* Pods-splyt.release.xcconfig */ = {isa = PBXFileReference; includeInIndex = 1; lastKnownFileType = text.xcconfig; name = "Pods-splyt.release.xcconfig"; path = "Pods/Target Support Files/Pods-splyt/Pods-splyt.release.xcconfig"; sourceTree = "<group>"; };
		AF170729151C41B791110C78 /* Pods-splytUITests.release.xcconfig */ = {isa = PBXFileReference; includeInIndex = 1; lastKnownFileType = text.xcconfig; name = "Pods-splytUITests.release.xcconfig"; path = "Pods/Target Support Files/Pods-splytUITests/Pods-splytUITests.release.xcconfig"; sourceTree = "<group>"; };
		AF492B1EC8EAC4E08EF4F1E6 /* Pods_splytUITests.framework */ = {isa = PBXFileReference; explicitFileType = wrapper.framework; includeInIndex = 0; path = Pods_splytUITests.framework; sourceTree = BUILT_PRODUCTS_DIR; };
		C3759926C1545D1E197062F0 /* Pods-splytUITests.debug.xcconfig */ = {isa = PBXFileReference; includeInIndex = 1; lastKnownFileType = text.xcconfig; name = "Pods-splytUITests.debug.xcconfig"; path = "Pods/Target Support Files/Pods-splytUITests/Pods-splytUITests.debug.xcconfig"; sourceTree = "<group>"; };
		E15960D14D2C134F62D32AF7 /* Pods-splytTests.debug.xcconfig */ = {isa = PBXFileReference; includeInIndex = 1; lastKnownFileType = text.xcconfig; name = "Pods-splytTests.debug.xcconfig"; path = "Pods/Target Support Files/Pods-splytTests/Pods-splytTests.debug.xcconfig"; sourceTree = "<group>"; };
		E7DAE210AE081A1974478522 /* Pods_splyt.framework */ = {isa = PBXFileReference; explicitFileType = wrapper.framework; includeInIndex = 0; path = Pods_splyt.framework; sourceTree = BUILT_PRODUCTS_DIR; };
/* End PBXFileReference section */

/* Begin PBXFrameworksBuildPhase section */
		3B4F80901F7584BC004C182B /* Frameworks */ = {
			isa = PBXFrameworksBuildPhase;
			buildActionMask = 2147483647;
			files = (
				3B13FD971FD0E7D500DDBBB3 /* StoreKit.framework in Frameworks */,
				B113560DD542C9F56AF24415 /* Pods_splyt.framework in Frameworks */,
				3BE54A561F8DAC3500FF48B8 /* SinchVerification.framework in Frameworks */,
			);
			runOnlyForDeploymentPostprocessing = 0;
		};
		3B4F80A41F7584BD004C182B /* Frameworks */ = {
			isa = PBXFrameworksBuildPhase;
			buildActionMask = 2147483647;
			files = (
				B5DA4CA4C59812BCC8AC6B1C /* Pods_splytTests.framework in Frameworks */,
			);
			runOnlyForDeploymentPostprocessing = 0;
		};
		3B4F80AF1F7584BD004C182B /* Frameworks */ = {
			isa = PBXFrameworksBuildPhase;
			buildActionMask = 2147483647;
			files = (
				5A0D33568857A5A19A659893 /* Pods_splytUITests.framework in Frameworks */,
			);
			runOnlyForDeploymentPostprocessing = 0;
		};
/* End PBXFrameworksBuildPhase section */

/* Begin PBXGroup section */
		17A51465842713D96FEF1F57 /* Frameworks */ = {
			isa = PBXGroup;
			children = (
				3B13FD961FD0E7D500DDBBB3 /* StoreKit.framework */,
				3BE54A551F8DAC3500FF48B8 /* SinchVerification.framework */,
				E7DAE210AE081A1974478522 /* Pods_splyt.framework */,
				2183FA6AF256FA090150689A /* Pods_splytTests.framework */,
				AF492B1EC8EAC4E08EF4F1E6 /* Pods_splytUITests.framework */,
			);
			name = Frameworks;
			sourceTree = "<group>";
		};
		3B4F808A1F7584BC004C182B = {
			isa = PBXGroup;
			children = (
				3B582D421FE5B4CF0031BE61 /* splyt-Bridging-Header.h */,
				3B582D3D1FE588D60031BE61 /* GlobalConstants.swift */,
				3B582D391FE586940031BE61 /* Utility.swift */,
				3B4F80951F7584BD004C182B /* splyt */,
				3B4F80AA1F7584BD004C182B /* splytTests */,
				3B4F80B51F7584BD004C182B /* splytUITests */,
				3B4F80941F7584BD004C182B /* Products */,
				A637010DE1128F0E021CABC0 /* Pods */,
				17A51465842713D96FEF1F57 /* Frameworks */,
			);
			sourceTree = "<group>";
		};
		3B4F80941F7584BD004C182B /* Products */ = {
			isa = PBXGroup;
			children = (
				3B4F80931F7584BD004C182B /* splyt.app */,
				3B4F80A71F7584BD004C182B /* splytTests.xctest */,
				3B4F80B21F7584BD004C182B /* splytUITests.xctest */,
			);
			name = Products;
			sourceTree = "<group>";
		};
		3B4F80951F7584BD004C182B /* splyt */ = {
			isa = PBXGroup;
			children = (
				3B582D3F1FE58E500031BE61 /* GoogleService-Info.plist */,
				B5FCB9D01FDF2F2100589BF8 /* Views */,
				B5FCB9CF1FDF2EB900589BF8 /* Supporting Files */,
				B55DA3CD1FDDF797007AD7FE /* Helpers */,
				3B920B441F97DA9E00C65645 /* Registeration */,
				3BE54A571F8DAD9800FF48B8 /* SinchVerification-Bridging-Header.h */,
				3B4F80961F7584BD004C182B /* AppDelegate.swift */,
				3B4F80981F7584BD004C182B /* ViewController.swift */,
				3B4F809D1F7584BD004C182B /* Assets.xcassets */,
			);
			path = splyt;
			sourceTree = "<group>";
		};
		3B4F80AA1F7584BD004C182B /* splytTests */ = {
			isa = PBXGroup;
			children = (
				3B4F80AB1F7584BD004C182B /* splytTests.swift */,
				3B4F80AD1F7584BD004C182B /* Info.plist */,
			);
			path = splytTests;
			sourceTree = "<group>";
		};
		3B4F80B51F7584BD004C182B /* splytUITests */ = {
			isa = PBXGroup;
			children = (
				3B4F80B61F7584BD004C182B /* splytUITests.swift */,
				3B4F80B81F7584BD004C182B /* Info.plist */,
			);
			path = splytUITests;
			sourceTree = "<group>";
		};
		3B920B441F97DA9E00C65645 /* Registeration */ = {
			isa = PBXGroup;
			children = (
				3B920B451F97DB6C00C65645 /* PhoneNoVerificationViewController.swift */,
				3BAB7CDA1F9ECD5D00115945 /* LoginViewController.swift */,
				3BAB7CDC1F9ED0A800115945 /* SignUpViewController.swift */,
				3BDF38DC1FA4A5BE00BB1F64 /* ForgetPasswordViewController.swift */,
				3B89E7B31FA509D500EB3775 /* SuccesFullRegistrationViewController.swift */,
			);
			name = Registeration;
			sourceTree = "<group>";
		};
		A637010DE1128F0E021CABC0 /* Pods */ = {
			isa = PBXGroup;
			children = (
				0CC24C2C7AB23187D1A75386 /* Pods-splyt.debug.xcconfig */,
				56F928FBD631ECE36642C2FB /* Pods-splyt.release.xcconfig */,
				E15960D14D2C134F62D32AF7 /* Pods-splytTests.debug.xcconfig */,
				3DF6D1441660C9DC3AC2974B /* Pods-splytTests.release.xcconfig */,
				C3759926C1545D1E197062F0 /* Pods-splytUITests.debug.xcconfig */,
				AF170729151C41B791110C78 /* Pods-splytUITests.release.xcconfig */,
			);
			name = Pods;
			sourceTree = "<group>";
		};
		B55DA3CD1FDDF797007AD7FE /* Helpers */ = {
			isa = PBXGroup;
			children = (
			);
			name = Helpers;
			path = /Users/ericoboite/workspace/ios/SPLYT/splyt/Helpers;
			sourceTree = "<absolute>";
		};
		B5FCB9CF1FDF2EB900589BF8 /* Supporting Files */ = {
			isa = PBXGroup;
			children = (
				3B13FD951FD0E14300DDBBB3 /* splyt.entitlements */,
				3B4F80A21F7584BD004C182B /* Info.plist */,
			);
			path = "Supporting Files";
			sourceTree = "<group>";
		};
		B5FCB9D01FDF2F2100589BF8 /* Views */ = {
			isa = PBXGroup;
			children = (
				3B4F809A1F7584BD004C182B /* Main.storyboard */,
				3B4F809F1F7584BD004C182B /* LaunchScreen.storyboard */,
			);
			path = Views;
			sourceTree = "<group>";
		};
/* End PBXGroup section */

/* Begin PBXNativeTarget section */
		3B4F80921F7584BC004C182B /* splyt */ = {
			isa = PBXNativeTarget;
			buildConfigurationList = 3B4F80BB1F7584BD004C182B /* Build configuration list for PBXNativeTarget "splyt" */;
			buildPhases = (
				F8E3E5E60CE1AFE93C68BDD4 /* [CP] Check Pods Manifest.lock */,
				3B4F808F1F7584BC004C182B /* Sources */,
				3B4F80901F7584BC004C182B /* Frameworks */,
				3B4F80911F7584BC004C182B /* Resources */,
				191852AE4525E0A12DAC3746 /* [CP] Embed Pods Frameworks */,
				56D8BD09F6147E29529EC074 /* [CP] Copy Pods Resources */,
			);
			buildRules = (
			);
			dependencies = (
			);
			name = splyt;
			productName = splyt;
			productReference = 3B4F80931F7584BD004C182B /* splyt.app */;
			productType = "com.apple.product-type.application";
		};
		3B4F80A61F7584BD004C182B /* splytTests */ = {
			isa = PBXNativeTarget;
			buildConfigurationList = 3B4F80BE1F7584BD004C182B /* Build configuration list for PBXNativeTarget "splytTests" */;
			buildPhases = (
				65F3D0A727CE66E48BDB7D5E /* [CP] Check Pods Manifest.lock */,
				3B4F80A31F7584BD004C182B /* Sources */,
				3B4F80A41F7584BD004C182B /* Frameworks */,
				3B4F80A51F7584BD004C182B /* Resources */,
				AFC81EFC5888917EAFFD58EC /* [CP] Embed Pods Frameworks */,
				091E65BFE303B3B36650FFDB /* [CP] Copy Pods Resources */,
			);
			buildRules = (
			);
			dependencies = (
				3B4F80A91F7584BD004C182B /* PBXTargetDependency */,
			);
			name = splytTests;
			productName = splytTests;
			productReference = 3B4F80A71F7584BD004C182B /* splytTests.xctest */;
			productType = "com.apple.product-type.bundle.unit-test";
		};
		3B4F80B11F7584BD004C182B /* splytUITests */ = {
			isa = PBXNativeTarget;
			buildConfigurationList = 3B4F80C11F7584BD004C182B /* Build configuration list for PBXNativeTarget "splytUITests" */;
			buildPhases = (
				CD9B95B897AF584A5A862F86 /* [CP] Check Pods Manifest.lock */,
				3B4F80AE1F7584BD004C182B /* Sources */,
				3B4F80AF1F7584BD004C182B /* Frameworks */,
				3B4F80B01F7584BD004C182B /* Resources */,
				55E765CF78E7D99181359A65 /* [CP] Embed Pods Frameworks */,
				A72A994A385001F9BA945C9F /* [CP] Copy Pods Resources */,
			);
			buildRules = (
			);
			dependencies = (
				3B4F80B41F7584BD004C182B /* PBXTargetDependency */,
			);
			name = splytUITests;
			productName = splytUITests;
			productReference = 3B4F80B21F7584BD004C182B /* splytUITests.xctest */;
			productType = "com.apple.product-type.bundle.ui-testing";
		};
/* End PBXNativeTarget section */

/* Begin PBXProject section */
		3B4F808B1F7584BC004C182B /* Project object */ = {
			isa = PBXProject;
			attributes = {
				LastSwiftUpdateCheck = 0820;
				LastUpgradeCheck = 0820;
				ORGANIZATIONNAME = "Anil Kapoor";
				TargetAttributes = {
					3B4F80921F7584BC004C182B = {
						CreatedOnToolsVersion = 8.2.1;
						DevelopmentTeam = 538649RTGB;
						ProvisioningStyle = Automatic;
						SystemCapabilities = {
							com.apple.BackgroundModes = {
								enabled = 1;
							};
							com.apple.InAppPurchase = {
								enabled = 1;
							};
							com.apple.Push = {
								enabled = 1;
							};
						};
					};
					3B4F80A61F7584BD004C182B = {
						CreatedOnToolsVersion = 8.2.1;
						ProvisioningStyle = Automatic;
						TestTargetID = 3B4F80921F7584BC004C182B;
					};
					3B4F80B11F7584BD004C182B = {
						CreatedOnToolsVersion = 8.2.1;
						ProvisioningStyle = Automatic;
						TestTargetID = 3B4F80921F7584BC004C182B;
					};
				};
			};
			buildConfigurationList = 3B4F808E1F7584BC004C182B /* Build configuration list for PBXProject "splyt" */;
			compatibilityVersion = "Xcode 3.2";
			developmentRegion = English;
			hasScannedForEncodings = 0;
			knownRegions = (
				en,
				Base,
			);
			mainGroup = 3B4F808A1F7584BC004C182B;
			productRefGroup = 3B4F80941F7584BD004C182B /* Products */;
			projectDirPath = "";
			projectRoot = "";
			targets = (
				3B4F80921F7584BC004C182B /* splyt */,
				3B4F80A61F7584BD004C182B /* splytTests */,
				3B4F80B11F7584BD004C182B /* splytUITests */,
			);
		};
/* End PBXProject section */

/* Begin PBXResourcesBuildPhase section */
		3B4F80911F7584BC004C182B /* Resources */ = {
			isa = PBXResourcesBuildPhase;
			buildActionMask = 2147483647;
			files = (
				3B4F80A11F7584BD004C182B /* LaunchScreen.storyboard in Resources */,
				3B582D401FE58E500031BE61 /* GoogleService-Info.plist in Resources */,
				3B4F809E1F7584BD004C182B /* Assets.xcassets in Resources */,
				3B4F809C1F7584BD004C182B /* Main.storyboard in Resources */,
			);
			runOnlyForDeploymentPostprocessing = 0;
		};
		3B4F80A51F7584BD004C182B /* Resources */ = {
			isa = PBXResourcesBuildPhase;
			buildActionMask = 2147483647;
			files = (
			);
			runOnlyForDeploymentPostprocessing = 0;
		};
		3B4F80B01F7584BD004C182B /* Resources */ = {
			isa = PBXResourcesBuildPhase;
			buildActionMask = 2147483647;
			files = (
			);
			runOnlyForDeploymentPostprocessing = 0;
		};
/* End PBXResourcesBuildPhase section */

/* Begin PBXShellScriptBuildPhase section */
		091E65BFE303B3B36650FFDB /* [CP] Copy Pods Resources */ = {
			isa = PBXShellScriptBuildPhase;
			buildActionMask = 2147483647;
			files = (
			);
			inputPaths = (
			);
			name = "[CP] Copy Pods Resources";
			outputPaths = (
			);
			runOnlyForDeploymentPostprocessing = 0;
			shellPath = /bin/sh;
			shellScript = "\"${SRCROOT}/Pods/Target Support Files/Pods-splytTests/Pods-splytTests-resources.sh\"\n";
			showEnvVarsInLog = 0;
		};
		191852AE4525E0A12DAC3746 /* [CP] Embed Pods Frameworks */ = {
			isa = PBXShellScriptBuildPhase;
			buildActionMask = 2147483647;
			files = (
			);
			inputPaths = (
			);
			name = "[CP] Embed Pods Frameworks";
			outputPaths = (
			);
			runOnlyForDeploymentPostprocessing = 0;
			shellPath = /bin/sh;
			shellScript = "\"${SRCROOT}/Pods/Target Support Files/Pods-splyt/Pods-splyt-frameworks.sh\"\n";
			showEnvVarsInLog = 0;
		};
		55E765CF78E7D99181359A65 /* [CP] Embed Pods Frameworks */ = {
			isa = PBXShellScriptBuildPhase;
			buildActionMask = 2147483647;
			files = (
			);
			inputPaths = (
			);
			name = "[CP] Embed Pods Frameworks";
			outputPaths = (
			);
			runOnlyForDeploymentPostprocessing = 0;
			shellPath = /bin/sh;
			shellScript = "\"${SRCROOT}/Pods/Target Support Files/Pods-splytUITests/Pods-splytUITests-frameworks.sh\"\n";
			showEnvVarsInLog = 0;
		};
		56D8BD09F6147E29529EC074 /* [CP] Copy Pods Resources */ = {
			isa = PBXShellScriptBuildPhase;
			buildActionMask = 2147483647;
			files = (
			);
			inputPaths = (
			);
			name = "[CP] Copy Pods Resources";
			outputPaths = (
			);
			runOnlyForDeploymentPostprocessing = 0;
			shellPath = /bin/sh;
			shellScript = "\"${SRCROOT}/Pods/Target Support Files/Pods-splyt/Pods-splyt-resources.sh\"\n";
			showEnvVarsInLog = 0;
		};
		65F3D0A727CE66E48BDB7D5E /* [CP] Check Pods Manifest.lock */ = {
			isa = PBXShellScriptBuildPhase;
			buildActionMask = 2147483647;
			files = (
			);
			inputPaths = (
				"${PODS_PODFILE_DIR_PATH}/Podfile.lock",
				"${PODS_ROOT}/Manifest.lock",
			);
			name = "[CP] Check Pods Manifest.lock";
			outputPaths = (
				"$(DERIVED_FILE_DIR)/Pods-splytTests-checkManifestLockResult.txt",
			);
			runOnlyForDeploymentPostprocessing = 0;
			shellPath = /bin/sh;
			shellScript = "diff \"${PODS_PODFILE_DIR_PATH}/Podfile.lock\" \"${PODS_ROOT}/Manifest.lock\" > /dev/null\nif [ $? != 0 ] ; then\n    # print error to STDERR\n    echo \"error: The sandbox is not in sync with the Podfile.lock. Run 'pod install' or update your CocoaPods installation.\" >&2\n    exit 1\nfi\n";
			showEnvVarsInLog = 0;
		};
		A72A994A385001F9BA945C9F /* [CP] Copy Pods Resources */ = {
			isa = PBXShellScriptBuildPhase;
			buildActionMask = 2147483647;
			files = (
			);
			inputPaths = (
			);
			name = "[CP] Copy Pods Resources";
			outputPaths = (
			);
			runOnlyForDeploymentPostprocessing = 0;
			shellPath = /bin/sh;
			shellScript = "\"${SRCROOT}/Pods/Target Support Files/Pods-splytUITests/Pods-splytUITests-resources.sh\"\n";
			showEnvVarsInLog = 0;
		};
		AFC81EFC5888917EAFFD58EC /* [CP] Embed Pods Frameworks */ = {
			isa = PBXShellScriptBuildPhase;
			buildActionMask = 2147483647;
			files = (
			);
			inputPaths = (
			);
			name = "[CP] Embed Pods Frameworks";
			outputPaths = (
			);
			runOnlyForDeploymentPostprocessing = 0;
			shellPath = /bin/sh;
			shellScript = "\"${SRCROOT}/Pods/Target Support Files/Pods-splytTests/Pods-splytTests-frameworks.sh\"\n";
			showEnvVarsInLog = 0;
		};
		CD9B95B897AF584A5A862F86 /* [CP] Check Pods Manifest.lock */ = {
			isa = PBXShellScriptBuildPhase;
			buildActionMask = 2147483647;
			files = (
			);
			inputPaths = (
				"${PODS_PODFILE_DIR_PATH}/Podfile.lock",
				"${PODS_ROOT}/Manifest.lock",
			);
			name = "[CP] Check Pods Manifest.lock";
			outputPaths = (
				"$(DERIVED_FILE_DIR)/Pods-splytUITests-checkManifestLockResult.txt",
			);
			runOnlyForDeploymentPostprocessing = 0;
			shellPath = /bin/sh;
			shellScript = "diff \"${PODS_PODFILE_DIR_PATH}/Podfile.lock\" \"${PODS_ROOT}/Manifest.lock\" > /dev/null\nif [ $? != 0 ] ; then\n    # print error to STDERR\n    echo \"error: The sandbox is not in sync with the Podfile.lock. Run 'pod install' or update your CocoaPods installation.\" >&2\n    exit 1\nfi\n";
			showEnvVarsInLog = 0;
		};
		F8E3E5E60CE1AFE93C68BDD4 /* [CP] Check Pods Manifest.lock */ = {
			isa = PBXShellScriptBuildPhase;
			buildActionMask = 2147483647;
			files = (
			);
			inputPaths = (
			);
			name = "[CP] Check Pods Manifest.lock";
			outputPaths = (
			);
			runOnlyForDeploymentPostprocessing = 0;
			shellPath = /bin/sh;
			shellScript = "diff \"${PODS_PODFILE_DIR_PATH}/Podfile.lock\" \"${PODS_ROOT}/Manifest.lock\" > /dev/null\nif [ $? != 0 ] ; then\n    # print error to STDERR\n    echo \"error: The sandbox is not in sync with the Podfile.lock. Run 'pod install' or update your CocoaPods installation.\" >&2\n    exit 1\nfi\n";
			showEnvVarsInLog = 0;
		};
/* End PBXShellScriptBuildPhase section */

/* Begin PBXSourcesBuildPhase section */
		3B4F808F1F7584BC004C182B /* Sources */ = {
			isa = PBXSourcesBuildPhase;
			buildActionMask = 2147483647;
			files = (
				3BAB7CDB1F9ECD5D00115945 /* LoginViewController.swift in Sources */,
				3B582D3E1FE588D60031BE61 /* GlobalConstants.swift in Sources */,
				3B4F80991F7584BD004C182B /* ViewController.swift in Sources */,
				3B582D3A1FE586940031BE61 /* Utility.swift in Sources */,
				3B89E7B41FA509D500EB3775 /* SuccesFullRegistrationViewController.swift in Sources */,
				3B4F80971F7584BD004C182B /* AppDelegate.swift in Sources */,
				3B920B461F97DB6C00C65645 /* PhoneNoVerificationViewController.swift in Sources */,
				3BDF38DD1FA4A5BE00BB1F64 /* ForgetPasswordViewController.swift in Sources */,
				3BAB7CDD1F9ED0A800115945 /* SignUpViewController.swift in Sources */,
			);
			runOnlyForDeploymentPostprocessing = 0;
		};
		3B4F80A31F7584BD004C182B /* Sources */ = {
			isa = PBXSourcesBuildPhase;
			buildActionMask = 2147483647;
			files = (
				3B4F80AC1F7584BD004C182B /* splytTests.swift in Sources */,
			);
			runOnlyForDeploymentPostprocessing = 0;
		};
		3B4F80AE1F7584BD004C182B /* Sources */ = {
			isa = PBXSourcesBuildPhase;
			buildActionMask = 2147483647;
			files = (
				3B4F80B71F7584BD004C182B /* splytUITests.swift in Sources */,
			);
			runOnlyForDeploymentPostprocessing = 0;
		};
/* End PBXSourcesBuildPhase section */

/* Begin PBXTargetDependency section */
		3B4F80A91F7584BD004C182B /* PBXTargetDependency */ = {
			isa = PBXTargetDependency;
			target = 3B4F80921F7584BC004C182B /* splyt */;
			targetProxy = 3B4F80A81F7584BD004C182B /* PBXContainerItemProxy */;
		};
		3B4F80B41F7584BD004C182B /* PBXTargetDependency */ = {
			isa = PBXTargetDependency;
			target = 3B4F80921F7584BC004C182B /* splyt */;
			targetProxy = 3B4F80B31F7584BD004C182B /* PBXContainerItemProxy */;
		};
/* End PBXTargetDependency section */

/* Begin PBXVariantGroup section */
		3B4F809A1F7584BD004C182B /* Main.storyboard */ = {
			isa = PBXVariantGroup;
			children = (
				3B4F809B1F7584BD004C182B /* Base */,
			);
			name = Main.storyboard;
			sourceTree = "<group>";
		};
		3B4F809F1F7584BD004C182B /* LaunchScreen.storyboard */ = {
			isa = PBXVariantGroup;
			children = (
				3B4F80A01F7584BD004C182B /* Base */,
			);
			name = LaunchScreen.storyboard;
			sourceTree = "<group>";
		};
/* End PBXVariantGroup section */

/* Begin XCBuildConfiguration section */
		3B4F80B91F7584BD004C182B /* Debug */ = {
			isa = XCBuildConfiguration;
			buildSettings = {
				ALWAYS_SEARCH_USER_PATHS = NO;
				CLANG_ANALYZER_NONNULL = YES;
				CLANG_CXX_LANGUAGE_STANDARD = "gnu++0x";
				CLANG_CXX_LIBRARY = "libc++";
				CLANG_ENABLE_MODULES = YES;
				CLANG_ENABLE_OBJC_ARC = YES;
				CLANG_WARN_BOOL_CONVERSION = YES;
				CLANG_WARN_CONSTANT_CONVERSION = YES;
				CLANG_WARN_DIRECT_OBJC_ISA_USAGE = YES_ERROR;
				CLANG_WARN_DOCUMENTATION_COMMENTS = YES;
				CLANG_WARN_EMPTY_BODY = YES;
				CLANG_WARN_ENUM_CONVERSION = YES;
				CLANG_WARN_INFINITE_RECURSION = YES;
				CLANG_WARN_INT_CONVERSION = YES;
				CLANG_WARN_OBJC_ROOT_CLASS = YES_ERROR;
				CLANG_WARN_SUSPICIOUS_MOVE = YES;
				CLANG_WARN_UNREACHABLE_CODE = YES;
				CLANG_WARN__DUPLICATE_METHOD_MATCH = YES;
				"CODE_SIGN_IDENTITY[sdk=iphoneos*]" = "iPhone Developer";
				COPY_PHASE_STRIP = NO;
				DEBUG_INFORMATION_FORMAT = dwarf;
				ENABLE_STRICT_OBJC_MSGSEND = YES;
				ENABLE_TESTABILITY = YES;
				GCC_C_LANGUAGE_STANDARD = gnu99;
				GCC_DYNAMIC_NO_PIC = NO;
				GCC_NO_COMMON_BLOCKS = YES;
				GCC_OPTIMIZATION_LEVEL = 0;
				GCC_PREPROCESSOR_DEFINITIONS = (
					"DEBUG=1",
					"$(inherited)",
				);
				GCC_WARN_64_TO_32_BIT_CONVERSION = YES;
				GCC_WARN_ABOUT_RETURN_TYPE = YES_ERROR;
				GCC_WARN_UNDECLARED_SELECTOR = YES;
				GCC_WARN_UNINITIALIZED_AUTOS = YES_AGGRESSIVE;
				GCC_WARN_UNUSED_FUNCTION = YES;
				GCC_WARN_UNUSED_VARIABLE = YES;
				IPHONEOS_DEPLOYMENT_TARGET = 10.2;
				MTL_ENABLE_DEBUG_INFO = YES;
				ONLY_ACTIVE_ARCH = YES;
				SDKROOT = iphoneos;
				SWIFT_ACTIVE_COMPILATION_CONDITIONS = DEBUG;
				SWIFT_OPTIMIZATION_LEVEL = "-Onone";
				TARGETED_DEVICE_FAMILY = "1,2";
			};
			name = Debug;
		};
		3B4F80BA1F7584BD004C182B /* Release */ = {
			isa = XCBuildConfiguration;
			buildSettings = {
				ALWAYS_SEARCH_USER_PATHS = NO;
				CLANG_ANALYZER_NONNULL = YES;
				CLANG_CXX_LANGUAGE_STANDARD = "gnu++0x";
				CLANG_CXX_LIBRARY = "libc++";
				CLANG_ENABLE_MODULES = YES;
				CLANG_ENABLE_OBJC_ARC = YES;
				CLANG_WARN_BOOL_CONVERSION = YES;
				CLANG_WARN_CONSTANT_CONVERSION = YES;
				CLANG_WARN_DIRECT_OBJC_ISA_USAGE = YES_ERROR;
				CLANG_WARN_DOCUMENTATION_COMMENTS = YES;
				CLANG_WARN_EMPTY_BODY = YES;
				CLANG_WARN_ENUM_CONVERSION = YES;
				CLANG_WARN_INFINITE_RECURSION = YES;
				CLANG_WARN_INT_CONVERSION = YES;
				CLANG_WARN_OBJC_ROOT_CLASS = YES_ERROR;
				CLANG_WARN_SUSPICIOUS_MOVE = YES;
				CLANG_WARN_UNREACHABLE_CODE = YES;
				CLANG_WARN__DUPLICATE_METHOD_MATCH = YES;
				"CODE_SIGN_IDENTITY[sdk=iphoneos*]" = "iPhone Developer";
				COPY_PHASE_STRIP = NO;
				DEBUG_INFORMATION_FORMAT = "dwarf-with-dsym";
				ENABLE_NS_ASSERTIONS = NO;
				ENABLE_STRICT_OBJC_MSGSEND = YES;
				GCC_C_LANGUAGE_STANDARD = gnu99;
				GCC_NO_COMMON_BLOCKS = YES;
				GCC_WARN_64_TO_32_BIT_CONVERSION = YES;
				GCC_WARN_ABOUT_RETURN_TYPE = YES_ERROR;
				GCC_WARN_UNDECLARED_SELECTOR = YES;
				GCC_WARN_UNINITIALIZED_AUTOS = YES_AGGRESSIVE;
				GCC_WARN_UNUSED_FUNCTION = YES;
				GCC_WARN_UNUSED_VARIABLE = YES;
				IPHONEOS_DEPLOYMENT_TARGET = 10.2;
				MTL_ENABLE_DEBUG_INFO = NO;
				SDKROOT = iphoneos;
				SWIFT_OPTIMIZATION_LEVEL = "-Owholemodule";
				TARGETED_DEVICE_FAMILY = "1,2";
				VALIDATE_PRODUCT = YES;
			};
			name = Release;
		};
		3B4F80BC1F7584BD004C182B /* Debug */ = {
			isa = XCBuildConfiguration;
			baseConfigurationReference = 0CC24C2C7AB23187D1A75386 /* Pods-splyt.debug.xcconfig */;
			buildSettings = {
				APP_DISPLAY_NAME = SPLYT;
				ASSETCATALOG_COMPILER_APPICON_NAME = AppIcon;
				CODE_SIGN_ENTITLEMENTS = "splyt/Supporting Files/splyt.entitlements";
				CODE_SIGN_IDENTITY = "iPhone Developer";
				"CODE_SIGN_IDENTITY[sdk=iphoneos*]" = "iPhone Developer";
				DEVELOPMENT_TEAM = 538649RTGB;
				ENABLE_BITCODE = NO;
				FRAMEWORK_SEARCH_PATHS = (
					"$(inherited)",
					"$(PROJECT_DIR)",
				);
				INFOPLIST_FILE = "$(SRCROOT)/splyt/Supporting Files/Info.plist";
				IPHONEOS_DEPLOYMENT_TARGET = 9.3;
				LD_RUNPATH_SEARCH_PATHS = "$(inherited) @executable_path/Frameworks";
				ONLY_ACTIVE_ARCH = YES;
				PRODUCT_BUNDLE_IDENTIFIER = com.Arora.SPLYTT;
				PRODUCT_NAME = "$(TARGET_NAME)";
				PROVISIONING_PROFILE = "";
				SWIFT_VERSION = 3.0;
				TARGETED_DEVICE_FAMILY = 1;
			};
			name = Debug;
		};
		3B4F80BD1F7584BD004C182B /* Release */ = {
			isa = XCBuildConfiguration;
			baseConfigurationReference = 56F928FBD631ECE36642C2FB /* Pods-splyt.release.xcconfig */;
			buildSettings = {
				APP_DISPLAY_NAME = SPLYT;
				ASSETCATALOG_COMPILER_APPICON_NAME = AppIcon;
				CODE_SIGN_ENTITLEMENTS = "splyt/Supporting Files/splyt.entitlements";
				CODE_SIGN_IDENTITY = "iPhone Developer";
				"CODE_SIGN_IDENTITY[sdk=iphoneos*]" = "iPhone Developer";
				DEVELOPMENT_TEAM = 538649RTGB;
				ENABLE_BITCODE = NO;
				FRAMEWORK_SEARCH_PATHS = (
					"$(inherited)",
					"$(PROJECT_DIR)",
				);
				INFOPLIST_FILE = "$(SRCROOT)/splyt/Supporting Files/Info.plist";
				IPHONEOS_DEPLOYMENT_TARGET = 9.3;
				LD_RUNPATH_SEARCH_PATHS = "$(inherited) @executable_path/Frameworks";
				ONLY_ACTIVE_ARCH = YES;
				PRODUCT_BUNDLE_IDENTIFIER = com.Arora.SPLYTT;
				PRODUCT_NAME = "$(TARGET_NAME)";
				PROVISIONING_PROFILE = "";
				SWIFT_VERSION = 3.0;
				TARGETED_DEVICE_FAMILY = 1;
			};
			name = Release;
		};
		3B4F80BF1F7584BD004C182B /* Debug */ = {
			isa = XCBuildConfiguration;
			baseConfigurationReference = E15960D14D2C134F62D32AF7 /* Pods-splytTests.debug.xcconfig */;
			buildSettings = {
				ALWAYS_EMBED_SWIFT_STANDARD_LIBRARIES = YES;
				BUNDLE_LOADER = "$(TEST_HOST)";
				INFOPLIST_FILE = splytTests/Info.plist;
				LD_RUNPATH_SEARCH_PATHS = "$(inherited) @executable_path/Frameworks @loader_path/Frameworks";
				PRODUCT_BUNDLE_IDENTIFIER = Arora.splytTests;
				PRODUCT_NAME = "$(TARGET_NAME)";
				SWIFT_VERSION = 3.0;
				TEST_HOST = "$(BUILT_PRODUCTS_DIR)/splyt.app/splyt";
			};
			name = Debug;
		};
		3B4F80C01F7584BD004C182B /* Release */ = {
			isa = XCBuildConfiguration;
			baseConfigurationReference = 3DF6D1441660C9DC3AC2974B /* Pods-splytTests.release.xcconfig */;
			buildSettings = {
				ALWAYS_EMBED_SWIFT_STANDARD_LIBRARIES = YES;
				BUNDLE_LOADER = "$(TEST_HOST)";
				INFOPLIST_FILE = splytTests/Info.plist;
				LD_RUNPATH_SEARCH_PATHS = "$(inherited) @executable_path/Frameworks @loader_path/Frameworks";
				PRODUCT_BUNDLE_IDENTIFIER = Arora.splytTests;
				PRODUCT_NAME = "$(TARGET_NAME)";
				SWIFT_VERSION = 3.0;
				TEST_HOST = "$(BUILT_PRODUCTS_DIR)/splyt.app/splyt";
			};
			name = Release;
		};
		3B4F80C21F7584BD004C182B /* Debug */ = {
			isa = XCBuildConfiguration;
			baseConfigurationReference = C3759926C1545D1E197062F0 /* Pods-splytUITests.debug.xcconfig */;
			buildSettings = {
				ALWAYS_EMBED_SWIFT_STANDARD_LIBRARIES = YES;
				INFOPLIST_FILE = splytUITests/Info.plist;
				LD_RUNPATH_SEARCH_PATHS = "$(inherited) @executable_path/Frameworks @loader_path/Frameworks";
				PRODUCT_BUNDLE_IDENTIFIER = Arora.splytUITests;
				PRODUCT_NAME = "$(TARGET_NAME)";
				SWIFT_VERSION = 3.0;
				TEST_TARGET_NAME = splyt;
			};
			name = Debug;
		};
		3B4F80C31F7584BD004C182B /* Release */ = {
			isa = XCBuildConfiguration;
			baseConfigurationReference = AF170729151C41B791110C78 /* Pods-splytUITests.release.xcconfig */;
			buildSettings = {
				ALWAYS_EMBED_SWIFT_STANDARD_LIBRARIES = YES;
				INFOPLIST_FILE = splytUITests/Info.plist;
				LD_RUNPATH_SEARCH_PATHS = "$(inherited) @executable_path/Frameworks @loader_path/Frameworks";
				PRODUCT_BUNDLE_IDENTIFIER = Arora.splytUITests;
				PRODUCT_NAME = "$(TARGET_NAME)";
				SWIFT_VERSION = 3.0;
				TEST_TARGET_NAME = splyt;
			};
			name = Release;
		};
/* End XCBuildConfiguration section */

/* Begin XCConfigurationList section */
		3B4F808E1F7584BC004C182B /* Build configuration list for PBXProject "splyt" */ = {
			isa = XCConfigurationList;
			buildConfigurations = (
				3B4F80B91F7584BD004C182B /* Debug */,
				3B4F80BA1F7584BD004C182B /* Release */,
			);
			defaultConfigurationIsVisible = 0;
			defaultConfigurationName = Release;
		};
		3B4F80BB1F7584BD004C182B /* Build configuration list for PBXNativeTarget "splyt" */ = {
			isa = XCConfigurationList;
			buildConfigurations = (
				3B4F80BC1F7584BD004C182B /* Debug */,
				3B4F80BD1F7584BD004C182B /* Release */,
			);
			defaultConfigurationIsVisible = 0;
			defaultConfigurationName = Release;
		};
		3B4F80BE1F7584BD004C182B /* Build configuration list for PBXNativeTarget "splytTests" */ = {
			isa = XCConfigurationList;
			buildConfigurations = (
				3B4F80BF1F7584BD004C182B /* Debug */,
				3B4F80C01F7584BD004C182B /* Release */,
			);
			defaultConfigurationIsVisible = 0;
			defaultConfigurationName = Release;
		};
		3B4F80C11F7584BD004C182B /* Build configuration list for PBXNativeTarget "splytUITests" */ = {
			isa = XCConfigurationList;
			buildConfigurations = (
				3B4F80C21F7584BD004C182B /* Debug */,
				3B4F80C31F7584BD004C182B /* Release */,
			);
			defaultConfigurationIsVisible = 0;
			defaultConfigurationName = Release;
		};
/* End XCConfigurationList section */
	};
	rootObject = 3B4F808B1F7584BC004C182B /* Project object */;
}
